# This file is automatically @generated by Cargo.
# It is not intended for manual editing.
version = 4

[[package]]
name = "rmpeg-cli"
version = "0.1.0"
dependencies = [
 "rmpeg-codec",
 "rmpeg-core",
 "rmpeg-format",
]

[[package]]
name = "rmpeg-codec"
version = "0.1.0"
dependencies = [
 "rmpeg-core",
 "rmpeg-format",
]

[[package]]
name = "rmpeg-core"
version = "0.1.0"

[[package]]
name = "rmpeg-format"
version = "0.1.0"
dependencies = [
 "rmpeg-core",
]

[[package]]
name = "rmpeg-probe"
version = "0.1.0"
dependencies = [
 "rmpeg-core",
 "rmpeg-format",
]

[[package]]
name = "xtask"
version = "0.1.0"
